
Microsoft Visual Studio Solution File, Format Version 12.00
# Visual Studio Version 17
VisualStudioVersion = 17.2.32519.379
MinimumVisualStudioVersion = 10.0.40219.1
Project("{2150E333-8FDC-42A3-9474-1A3956D46DE8}") = "1 - Servicos", "1 - Servicos", "{3E3D8AE9-845B-4716-8F3F-B12C07A0A114}"
EndProject
Project("{9A19103F-16F7-4668-BE54-9A1E7A4F7556}") = "Heroes.Api", "src\Heroes.Api\Heroes.Api.csproj", "{36F939D9-8C03-46F2-AE5F-B0A85248485F}"
EndProject
Project("{2150E333-8FDC-42A3-9474-1A3956D46DE8}") = "2 - Aplicacao", "2 - Aplicacao", "{3CA6AF13-083A-42A3-8DAF-580950FB41BE}"
EndProject
Project("{9A19103F-16F7-4668-BE54-9A1E7A4F7556}") = "Heroes.Application", "src\Heroes.Application\Heroes.Application.csproj", "{8EC76D7F-520E-41CF-8A25-CF0D821BD033}"
EndProject
Project("{2150E333-8FDC-42A3-9474-1A3956D46DE8}") = "3 - Dominio", "3 - Dominio", "{0833772C-5C56-4D6A-BFD4-7A5BDED9E1E3}"
EndProject
Project("{9A19103F-16F7-4668-BE54-9A1E7A4F7556}") = "Heroes.Domain", "src\Heroes.Domain\Heroes.Domain.csproj", "{299FB4AD-4411-4A8C-A9F3-79290DA9A298}"
EndProject
Project("{2150E333-8FDC-42A3-9474-1A3956D46DE8}") = "4 - Infra", "4 - Infra", "{8B358F8E-0C70-4D10-AD74-6213B95E2D75}"
EndProject
Project("{9A19103F-16F7-4668-BE54-9A1E7A4F7556}") = "Heroes.Infra", "src\Heroes.Infra\Heroes.Infra.csproj", "{1B2EE56D-CE07-4F89-B3BB-CEE51A4A979D}"
EndProject
Project("{2150E333-8FDC-42A3-9474-1A3956D46DE8}") = "6 - Teste", "6 - Teste", "{80DBC938-FF00-4876-AB39-B4930DBE46F0}"
EndProject
Project("{9A19103F-16F7-4668-BE54-9A1E7A4F7556}") = "Heroes.Test", "tst\Heroes.Test\Heroes.Test.csproj", "{95BFE661-704F-4C6E-8767-399C6AB5BE65}"
EndProject
Project("{2150E333-8FDC-42A3-9474-1A3956D46DE8}") = "5 - CrossCutting", "5 - CrossCutting", "{66E730DB-2A21-4A31-9928-7E5302F93107}"
EndProject
Project("{FAE04EC0-301F-11D3-BF4B-00C04F79EFBC}") = "CrossCutting", "src\CrossCutting\CrossCutting.csproj", "{B508CB07-2B3D-4898-BF68-C72E0496347D}"
EndProject
Project("{FAE04EC0-301F-11D3-BF4B-00C04F79EFBC}") = "Heroes.Domain.Dto", "src\Heroes.Domain.Dto\Heroes.Domain.Dto.csproj", "{940B5482-80F2-4A4C-8F3E-C85153B854AA}"
EndProject
Global
	GlobalSection(SolutionConfigurationPlatforms) = preSolution
		Debug|Any CPU = Debug|Any CPU
		Release|Any CPU = Release|Any CPU
	EndGlobalSection
	GlobalSection(ProjectConfigurationPlatforms) = postSolution
		{36F939D9-8C03-46F2-AE5F-B0A85248485F}.Debug|Any CPU.ActiveCfg = Debug|Any CPU
		{36F939D9-8C03-46F2-AE5F-B0A85248485F}.Debug|Any CPU.Build.0 = Debug|Any CPU
		{36F939D9-8C03-46F2-AE5F-B0A85248485F}.Release|Any CPU.ActiveCfg = Release|Any CPU
		{36F939D9-8C03-46F2-AE5F-B0A85248485F}.Release|Any CPU.Build.0 = Release|Any CPU
		{8EC76D7F-520E-41CF-8A25-CF0D821BD033}.Debug|Any CPU.ActiveCfg = Debug|Any CPU
		{8EC76D7F-520E-41CF-8A25-CF0D821BD033}.Debug|Any CPU.Build.0 = Debug|Any CPU
		{8EC76D7F-520E-41CF-8A25-CF0D821BD033}.Release|Any CPU.ActiveCfg = Release|Any CPU
		{8EC76D7F-520E-41CF-8A25-CF0D821BD033}.Release|Any CPU.Build.0 = Release|Any CPU
		{299FB4AD-4411-4A8C-A9F3-79290DA9A298}.Debug|Any CPU.ActiveCfg = Debug|Any CPU
		{299FB4AD-4411-4A8C-A9F3-79290DA9A298}.Debug|Any CPU.Build.0 = Debug|Any CPU
		{299FB4AD-4411-4A8C-A9F3-79290DA9A298}.Release|Any CPU.ActiveCfg = Release|Any CPU
		{299FB4AD-4411-4A8C-A9F3-79290DA9A298}.Release|Any CPU.Build.0 = Release|Any CPU
		{1B2EE56D-CE07-4F89-B3BB-CEE51A4A979D}.Debug|Any CPU.ActiveCfg = Debug|Any CPU
		{1B2EE56D-CE07-4F89-B3BB-CEE51A4A979D}.Debug|Any CPU.Build.0 = Debug|Any CPU
		{1B2EE56D-CE07-4F89-B3BB-CEE51A4A979D}.Release|Any CPU.ActiveCfg = Release|Any CPU
		{1B2EE56D-CE07-4F89-B3BB-CEE51A4A979D}.Release|Any CPU.Build.0 = Release|Any CPU
		{95BFE661-704F-4C6E-8767-399C6AB5BE65}.Debug|Any CPU.ActiveCfg = Debug|Any CPU
		{95BFE661-704F-4C6E-8767-399C6AB5BE65}.Debug|Any CPU.Build.0 = Debug|Any CPU
		{95BFE661-704F-4C6E-8767-399C6AB5BE65}.Release|Any CPU.ActiveCfg = Release|Any CPU
		{95BFE661-704F-4C6E-8767-399C6AB5BE65}.Release|Any CPU.Build.0 = Release|Any CPU
		{B508CB07-2B3D-4898-BF68-C72E0496347D}.Debug|Any CPU.ActiveCfg = Debug|Any CPU
		{B508CB07-2B3D-4898-BF68-C72E0496347D}.Debug|Any CPU.Build.0 = Debug|Any CPU
		{B508CB07-2B3D-4898-BF68-C72E0496347D}.Release|Any CPU.ActiveCfg = Release|Any CPU
		{B508CB07-2B3D-4898-BF68-C72E0496347D}.Release|Any CPU.Build.0 = Release|Any CPU
		{940B5482-80F2-4A4C-8F3E-C85153B854AA}.Debug|Any CPU.ActiveCfg = Debug|Any CPU
		{940B5482-80F2-4A4C-8F3E-C85153B854AA}.Debug|Any CPU.Build.0 = Debug|Any CPU
		{940B5482-80F2-4A4C-8F3E-C85153B854AA}.Release|Any CPU.ActiveCfg = Release|Any CPU
		{940B5482-80F2-4A4C-8F3E-C85153B854AA}.Release|Any CPU.Build.0 = Release|Any CPU
	EndGlobalSection
	GlobalSection(SolutionProperties) = preSolution
		HideSolutionNode = FALSE
	EndGlobalSection
	GlobalSection(NestedProjects) = preSolution
		{36F939D9-8C03-46F2-AE5F-B0A85248485F} = {3E3D8AE9-845B-4716-8F3F-B12C07A0A114}
		{8EC76D7F-520E-41CF-8A25-CF0D821BD033} = {3CA6AF13-083A-42A3-8DAF-580950FB41BE}
		{299FB4AD-4411-4A8C-A9F3-79290DA9A298} = {0833772C-5C56-4D6A-BFD4-7A5BDED9E1E3}
		{1B2EE56D-CE07-4F89-B3BB-CEE51A4A979D} = {8B358F8E-0C70-4D10-AD74-6213B95E2D75}
		{95BFE661-704F-4C6E-8767-399C6AB5BE65} = {80DBC938-FF00-4876-AB39-B4930DBE46F0}
		{B508CB07-2B3D-4898-BF68-C72E0496347D} = {66E730DB-2A21-4A31-9928-7E5302F93107}
		{940B5482-80F2-4A4C-8F3E-C85153B854AA} = {0833772C-5C56-4D6A-BFD4-7A5BDED9E1E3}
	EndGlobalSection
	GlobalSection(ExtensibilityGlobals) = postSolution
		SolutionGuid = {62D4D3AB-B239-4F54-8359-321A950BD4FF}
	EndGlobalSection
EndGlobal
